
Microsoft Visual Studio Solution File, Format Version 12.00
# Visual Studio 15
VisualStudioVersion = 15.0.28307.421
MinimumVisualStudioVersion = 10.0.40219.1
Project("{6EC3EE1D-3C4E-46DD-8F32-0CC8E7565705}") = "IoT.Display", "IoT.Display\IoT.Display.fsproj", "{B550EA28-F112-4087-96E1-73F08ADFAF49}"
EndProject
Project("{6EC3EE1D-3C4E-46DD-8F32-0CC8E7565705}") = "IoT.Display.Tests", "IoT.Display.Tests\IoT.Display.Tests.fsproj", "{EB1C4E0A-A80F-4DDB-B20D-0F60468A3120}"
EndProject
Project("{F2A71F9B-5D33-465A-A702-920D77279786}") = "IoT.Display.Samples", "IoT.Display.Samples\IoT.Display.Samples.fsproj", "{AB25E96E-5ABD-4DA9-8807-06CB24C1F0DA}"
EndProject
Global
	GlobalSection(SolutionConfigurationPlatforms) = preSolution
		Debug|Any CPU = Debug|Any CPU
		Release|Any CPU = Release|Any CPU
	EndGlobalSection
	GlobalSection(ProjectConfigurationPlatforms) = postSolution
		{B550EA28-F112-4087-96E1-73F08ADFAF49}.Debug|Any CPU.ActiveCfg = Debug|Any CPU
		{B550EA28-F112-4087-96E1-73F08ADFAF49}.Debug|Any CPU.Build.0 = Debug|Any CPU
		{B550EA28-F112-4087-96E1-73F08ADFAF49}.Release|Any CPU.ActiveCfg = Release|Any CPU
		{B550EA28-F112-4087-96E1-73F08ADFAF49}.Release|Any CPU.Build.0 = Release|Any CPU
		{EB1C4E0A-A80F-4DDB-B20D-0F60468A3120}.Debug|Any CPU.ActiveCfg = Debug|Any CPU
		{EB1C4E0A-A80F-4DDB-B20D-0F60468A3120}.Debug|Any CPU.Build.0 = Debug|Any CPU
		{EB1C4E0A-A80F-4DDB-B20D-0F60468A3120}.Release|Any CPU.ActiveCfg = Release|Any CPU
		{EB1C4E0A-A80F-4DDB-B20D-0F60468A3120}.Release|Any CPU.Build.0 = Release|Any CPU
		{AB25E96E-5ABD-4DA9-8807-06CB24C1F0DA}.Debug|Any CPU.ActiveCfg = Debug|Any CPU
		{AB25E96E-5ABD-4DA9-8807-06CB24C1F0DA}.Debug|Any CPU.Build.0 = Debug|Any CPU
		{AB25E96E-5ABD-4DA9-8807-06CB24C1F0DA}.Release|Any CPU.ActiveCfg = Release|Any CPU
		{AB25E96E-5ABD-4DA9-8807-06CB24C1F0DA}.Release|Any CPU.Build.0 = Release|Any CPU
	EndGlobalSection
	GlobalSection(SolutionProperties) = preSolution
		HideSolutionNode = FALSE
	EndGlobalSection
	GlobalSection(ExtensibilityGlobals) = postSolution
		SolutionGuid = {DDCDBBCA-E9B2-4EAB-A188-B583F0A49254}
	EndGlobalSection
EndGlobal
